
Microsoft Visual Studio Solution File, Format Version 12.00
Project("{FAE04EC0-301F-11D3-BF4B-00C04F79EFBC}") = "CursoEFCore", "CursoEFCore\CursoEFCore.csproj", "{E7838EBB-8348-4712-9E74-2EFA872E02AD}"
EndProject
Global
	GlobalSection(SolutionConfigurationPlatforms) = preSolution
		Debug|Any CPU = Debug|Any CPU
		Release|Any CPU = Release|Any CPU
	EndGlobalSection
	GlobalSection(ProjectConfigurationPlatforms) = postSolution
		{E7838EBB-8348-4712-9E74-2EFA872E02AD}.Debug|Any CPU.ActiveCfg = Debug|Any CPU
		{E7838EBB-8348-4712-9E74-2EFA872E02AD}.Debug|Any CPU.Build.0 = Debug|Any CPU
		{E7838EBB-8348-4712-9E74-2EFA872E02AD}.Release|Any CPU.ActiveCfg = Release|Any CPU
		{E7838EBB-8348-4712-9E74-2EFA872E02AD}.Release|Any CPU.Build.0 = Release|Any CPU
	EndGlobalSection
EndGlobal
